
Microsoft Visual Studio Solution File, Format Version 12.00
# Visual Studio Version 17
VisualStudioVersion = 17.9.34511.98
MinimumVisualStudioVersion = 10.0.40219.1
Project("{2150E333-8FDC-42A3-9474-1A3956D46DE8}") = "Interface", "Interface", "{9829B637-0E31-4A8F-9F55-A669290D8E0C}"
EndProject
Project("{2150E333-8FDC-42A3-9474-1A3956D46DE8}") = "Bridge", "Bridge", "{F524E4C6-9791-4967-B1C2-E21F6FBD0DD5}"
EndProject
Project("{2150E333-8FDC-42A3-9474-1A3956D46DE8}") = "Core", "Core", "{84D1735F-69ED-4126-B9C6-523BAC0CB75D}"
EndProject
Project("{2150E333-8FDC-42A3-9474-1A3956D46DE8}") = "Installers", "Installers", "{80C0A4A0-852C-47EA-944C-358D8A946F19}"
EndProject
Project("{2150E333-8FDC-42A3-9474-1A3956D46DE8}") = "JavaWrapper", "JavaWrapper", "{047EED28-7B2B-42D1-B20B-5F3979809EBB}"
EndProject
Project("{8BC9CEB8-8B4A-11D0-8D11-00A0C91BC942}") = "InfinityOfficialNetwork.Server.Bridge.Export", "Source\Bridge\Export\InfinityOfficialNetwork.Server.Bridge.Export.vcxproj", "{35F552D4-8DCC-42DE-AB44-97F2752C2884}"
EndProject
Project("{8BC9CEB8-8B4A-11D0-8D11-00A0C91BC942}") = "InfinityOfficialNetwork.Server.Bridge.Shared", "Source\Bridge\Shared\InfinityOfficialNetwork.Server.Bridge.Shared.vcxproj", "{B6FD4703-6D88-4F5F-B2D6-A8DA459AFE1E}"
EndProject
Project("{8BC9CEB8-8B4A-11D0-8D11-00A0C91BC942}") = "InfinityOfficialNetwork.Server.Core.Export", "Source\Core\Export\InfinityOfficialNetwork.Server.Core.Export.vcxproj", "{FEFFF25C-BF97-4291-AEA8-6826A1E144CF}"
EndProject
Project("{8BC9CEB8-8B4A-11D0-8D11-00A0C91BC942}") = "InfinityOfficialNetwork.Server.Core.Shared", "Source\Core\Shared\InfinityOfficialNetwork.Server.Core.Shared.vcxproj", "{1D07B64F-3E96-4A27-9270-BCCD85DC3077}"
EndProject
Project("{8BC9CEB8-8B4A-11D0-8D11-00A0C91BC942}") = "InfinityOfficialNetwork.Server.Core.JavaWrapper.JDK21", "Source\Core\JavaWrapper\JDK21\InfinityOfficialNetwork.Server.Core.JavaWrapper.JDK21.vcxproj", "{E61A0D0C-ECF3-4BF8-AF17-73193642B248}"
EndProject
Project("{54435603-DBB4-11D2-8724-00A0C9A8B90C}") = "InfinityOfficialNetwork.Server.Installers.Setup", "Source\Installers\Setup\InfinityOfficialNetwork.Server.Installers.Setup.vdproj", "{B1740315-DD02-4B7F-8B1A-4E81B95482B1}"
EndProject
Project("{9A19103F-16F7-4668-BE54-9A1E7A4F7556}") = "InfinityOfficialNetwork.Server.Interface.ConsoleApplication", "Source\Interface\ConsoleApplication\InfinityOfficialNetwork.Server.Interface.ConsoleApplication.csproj", "{57DCEBBE-4890-434E-8F2E-387AE1015720}"
EndProject
Project("{9A19103F-16F7-4668-BE54-9A1E7A4F7556}") = "InfinityOfficialNetwork.Server.Interface.Service", "Source\Interface\Service\InfinityOfficialNetwork.Server.Interface.Service.csproj", "{042D31CF-46F1-4ECA-AEC9-1CCEBFA64CD7}"
EndProject
Project("{9A19103F-16F7-4668-BE54-9A1E7A4F7556}") = "InfinityOfficialNetwork.Server.Interface.Shared", "Source\Interface\Shared\InfinityOfficialNetwork.Server.Interface.Shared.csproj", "{1A9E2B1D-B923-447B-A62C-721EDA9B0428}"
EndProject
Project("{9A19103F-16F7-4668-BE54-9A1E7A4F7556}") = "InfinityOfficialNetwork.Server.Interface.WebsiteApplication", "Source\Interface\WebsiteApplication\InfinityOfficialNetwork.Server.Interface.WebsiteApplication.csproj", "{2CF2E34E-43BA-46A4-B8D2-976F844CDDCC}"
EndProject
Project("{8BC9CEB8-8B4A-11D0-8D11-00A0C91BC942}") = "InfinityOfficialNetwork.Server.Core.JavaInitializer", "Source\Core\JavaInitializer\InfinityOfficialNetwork.Server.Core.JavaInitializer.vcxproj", "{B6E94F33-0061-4734-A414-B27A92926C44}"
EndProject
Global
	GlobalSection(SolutionConfigurationPlatforms) = preSolution
		Debug|ARM64 = Debug|ARM64
		Debug|x64 = Debug|x64
		Debug|x86 = Debug|x86
		Release|ARM64 = Release|ARM64
		Release|x64 = Release|x64
		Release|x86 = Release|x86
	EndGlobalSection
	GlobalSection(ProjectConfigurationPlatforms) = postSolution
		{35F552D4-8DCC-42DE-AB44-97F2752C2884}.Debug|ARM64.ActiveCfg = Debug|ARM64
		{35F552D4-8DCC-42DE-AB44-97F2752C2884}.Debug|ARM64.Build.0 = Debug|ARM64
		{35F552D4-8DCC-42DE-AB44-97F2752C2884}.Debug|x64.ActiveCfg = Debug|x64
		{35F552D4-8DCC-42DE-AB44-97F2752C2884}.Debug|x64.Build.0 = Debug|x64
		{35F552D4-8DCC-42DE-AB44-97F2752C2884}.Debug|x86.ActiveCfg = Debug|Win32
		{35F552D4-8DCC-42DE-AB44-97F2752C2884}.Debug|x86.Build.0 = Debug|Win32
		{35F552D4-8DCC-42DE-AB44-97F2752C2884}.Release|ARM64.ActiveCfg = Release|ARM64
		{35F552D4-8DCC-42DE-AB44-97F2752C2884}.Release|ARM64.Build.0 = Release|ARM64
		{35F552D4-8DCC-42DE-AB44-97F2752C2884}.Release|x64.ActiveCfg = Release|x64
		{35F552D4-8DCC-42DE-AB44-97F2752C2884}.Release|x64.Build.0 = Release|x64
		{35F552D4-8DCC-42DE-AB44-97F2752C2884}.Release|x86.ActiveCfg = Release|Win32
		{35F552D4-8DCC-42DE-AB44-97F2752C2884}.Release|x86.Build.0 = Release|Win32
		{B6FD4703-6D88-4F5F-B2D6-A8DA459AFE1E}.Debug|ARM64.ActiveCfg = Debug|ARM64
		{B6FD4703-6D88-4F5F-B2D6-A8DA459AFE1E}.Debug|ARM64.Build.0 = Debug|ARM64
		{B6FD4703-6D88-4F5F-B2D6-A8DA459AFE1E}.Debug|x64.ActiveCfg = Debug|x64
		{B6FD4703-6D88-4F5F-B2D6-A8DA459AFE1E}.Debug|x64.Build.0 = Debug|x64
		{B6FD4703-6D88-4F5F-B2D6-A8DA459AFE1E}.Debug|x86.ActiveCfg = Debug|Win32
		{B6FD4703-6D88-4F5F-B2D6-A8DA459AFE1E}.Debug|x86.Build.0 = Debug|Win32
		{B6FD4703-6D88-4F5F-B2D6-A8DA459AFE1E}.Release|ARM64.ActiveCfg = Release|ARM64
		{B6FD4703-6D88-4F5F-B2D6-A8DA459AFE1E}.Release|ARM64.Build.0 = Release|ARM64
		{B6FD4703-6D88-4F5F-B2D6-A8DA459AFE1E}.Release|x64.ActiveCfg = Release|x64
		{B6FD4703-6D88-4F5F-B2D6-A8DA459AFE1E}.Release|x64.Build.0 = Release|x64
		{B6FD4703-6D88-4F5F-B2D6-A8DA459AFE1E}.Release|x86.ActiveCfg = Release|Win32
		{B6FD4703-6D88-4F5F-B2D6-A8DA459AFE1E}.Release|x86.Build.0 = Release|Win32
		{FEFFF25C-BF97-4291-AEA8-6826A1E144CF}.Debug|ARM64.ActiveCfg = Debug|ARM64
		{FEFFF25C-BF97-4291-AEA8-6826A1E144CF}.Debug|ARM64.Build.0 = Debug|ARM64
		{FEFFF25C-BF97-4291-AEA8-6826A1E144CF}.Debug|x64.ActiveCfg = Debug|x64
		{FEFFF25C-BF97-4291-AEA8-6826A1E144CF}.Debug|x64.Build.0 = Debug|x64
		{FEFFF25C-BF97-4291-AEA8-6826A1E144CF}.Debug|x86.ActiveCfg = Debug|Win32
		{FEFFF25C-BF97-4291-AEA8-6826A1E144CF}.Debug|x86.Build.0 = Debug|Win32
		{FEFFF25C-BF97-4291-AEA8-6826A1E144CF}.Release|ARM64.ActiveCfg = Release|ARM64
		{FEFFF25C-BF97-4291-AEA8-6826A1E144CF}.Release|ARM64.Build.0 = Release|ARM64
		{FEFFF25C-BF97-4291-AEA8-6826A1E144CF}.Release|x64.ActiveCfg = Release|x64
		{FEFFF25C-BF97-4291-AEA8-6826A1E144CF}.Release|x64.Build.0 = Release|x64
		{FEFFF25C-BF97-4291-AEA8-6826A1E144CF}.Release|x86.ActiveCfg = Release|Win32
		{FEFFF25C-BF97-4291-AEA8-6826A1E144CF}.Release|x86.Build.0 = Release|Win32
		{1D07B64F-3E96-4A27-9270-BCCD85DC3077}.Debug|ARM64.ActiveCfg = Debug|ARM64
		{1D07B64F-3E96-4A27-9270-BCCD85DC3077}.Debug|ARM64.Build.0 = Debug|ARM64
		{1D07B64F-3E96-4A27-9270-BCCD85DC3077}.Debug|x64.ActiveCfg = Debug|x64
		{1D07B64F-3E96-4A27-9270-BCCD85DC3077}.Debug|x64.Build.0 = Debug|x64
		{1D07B64F-3E96-4A27-9270-BCCD85DC3077}.Debug|x86.ActiveCfg = Debug|Win32
		{1D07B64F-3E96-4A27-9270-BCCD85DC3077}.Debug|x86.Build.0 = Debug|Win32
		{1D07B64F-3E96-4A27-9270-BCCD85DC3077}.Release|ARM64.ActiveCfg = Release|ARM64
		{1D07B64F-3E96-4A27-9270-BCCD85DC3077}.Release|ARM64.Build.0 = Release|ARM64
		{1D07B64F-3E96-4A27-9270-BCCD85DC3077}.Release|x64.ActiveCfg = Release|x64
		{1D07B64F-3E96-4A27-9270-BCCD85DC3077}.Release|x64.Build.0 = Release|x64
		{1D07B64F-3E96-4A27-9270-BCCD85DC3077}.Release|x86.ActiveCfg = Release|Win32
		{1D07B64F-3E96-4A27-9270-BCCD85DC3077}.Release|x86.Build.0 = Release|Win32
		{E61A0D0C-ECF3-4BF8-AF17-73193642B248}.Debug|ARM64.ActiveCfg = Debug|ARM64
		{E61A0D0C-ECF3-4BF8-AF17-73193642B248}.Debug|ARM64.Build.0 = Debug|ARM64
		{E61A0D0C-ECF3-4BF8-AF17-73193642B248}.Debug|x64.ActiveCfg = Debug|x64
		{E61A0D0C-ECF3-4BF8-AF17-73193642B248}.Debug|x64.Build.0 = Debug|x64
		{E61A0D0C-ECF3-4BF8-AF17-73193642B248}.Debug|x86.ActiveCfg = Debug|Win32
		{E61A0D0C-ECF3-4BF8-AF17-73193642B248}.Debug|x86.Build.0 = Debug|Win32
		{E61A0D0C-ECF3-4BF8-AF17-73193642B248}.Release|ARM64.ActiveCfg = Release|ARM64
		{E61A0D0C-ECF3-4BF8-AF17-73193642B248}.Release|ARM64.Build.0 = Release|ARM64
		{E61A0D0C-ECF3-4BF8-AF17-73193642B248}.Release|x64.ActiveCfg = Release|x64
		{E61A0D0C-ECF3-4BF8-AF17-73193642B248}.Release|x64.Build.0 = Release|x64
		{E61A0D0C-ECF3-4BF8-AF17-73193642B248}.Release|x86.ActiveCfg = Release|Win32
		{E61A0D0C-ECF3-4BF8-AF17-73193642B248}.Release|x86.Build.0 = Release|Win32
		{B1740315-DD02-4B7F-8B1A-4E81B95482B1}.Debug|ARM64.ActiveCfg = Debug
		{B1740315-DD02-4B7F-8B1A-4E81B95482B1}.Debug|ARM64.Build.0 = Debug
		{B1740315-DD02-4B7F-8B1A-4E81B95482B1}.Debug|x64.ActiveCfg = Debug
		{B1740315-DD02-4B7F-8B1A-4E81B95482B1}.Debug|x64.Build.0 = Debug
		{B1740315-DD02-4B7F-8B1A-4E81B95482B1}.Debug|x86.ActiveCfg = Debug
		{B1740315-DD02-4B7F-8B1A-4E81B95482B1}.Debug|x86.Build.0 = Debug
		{B1740315-DD02-4B7F-8B1A-4E81B95482B1}.Release|ARM64.ActiveCfg = Release
		{B1740315-DD02-4B7F-8B1A-4E81B95482B1}.Release|ARM64.Build.0 = Release
		{B1740315-DD02-4B7F-8B1A-4E81B95482B1}.Release|x64.ActiveCfg = Release
		{B1740315-DD02-4B7F-8B1A-4E81B95482B1}.Release|x64.Build.0 = Release
		{B1740315-DD02-4B7F-8B1A-4E81B95482B1}.Release|x86.ActiveCfg = Release
		{B1740315-DD02-4B7F-8B1A-4E81B95482B1}.Release|x86.Build.0 = Release
		{57DCEBBE-4890-434E-8F2E-387AE1015720}.Debug|ARM64.ActiveCfg = Debug|ARM64
		{57DCEBBE-4890-434E-8F2E-387AE1015720}.Debug|ARM64.Build.0 = Debug|ARM64
		{57DCEBBE-4890-434E-8F2E-387AE1015720}.Debug|x64.ActiveCfg = Debug|x64
		{57DCEBBE-4890-434E-8F2E-387AE1015720}.Debug|x64.Build.0 = Debug|x64
		{57DCEBBE-4890-434E-8F2E-387AE1015720}.Debug|x86.ActiveCfg = Debug|x86
		{57DCEBBE-4890-434E-8F2E-387AE1015720}.Debug|x86.Build.0 = Debug|x86
		{57DCEBBE-4890-434E-8F2E-387AE1015720}.Release|ARM64.ActiveCfg = Release|ARM64
		{57DCEBBE-4890-434E-8F2E-387AE1015720}.Release|ARM64.Build.0 = Release|ARM64
		{57DCEBBE-4890-434E-8F2E-387AE1015720}.Release|x64.ActiveCfg = Release|x64
		{57DCEBBE-4890-434E-8F2E-387AE1015720}.Release|x64.Build.0 = Release|x64
		{57DCEBBE-4890-434E-8F2E-387AE1015720}.Release|x86.ActiveCfg = Release|x86
		{57DCEBBE-4890-434E-8F2E-387AE1015720}.Release|x86.Build.0 = Release|x86
		{042D31CF-46F1-4ECA-AEC9-1CCEBFA64CD7}.Debug|ARM64.ActiveCfg = Debug|ARM64
		{042D31CF-46F1-4ECA-AEC9-1CCEBFA64CD7}.Debug|ARM64.Build.0 = Debug|ARM64
		{042D31CF-46F1-4ECA-AEC9-1CCEBFA64CD7}.Debug|x64.ActiveCfg = Debug|x64
		{042D31CF-46F1-4ECA-AEC9-1CCEBFA64CD7}.Debug|x64.Build.0 = Debug|x64
		{042D31CF-46F1-4ECA-AEC9-1CCEBFA64CD7}.Debug|x86.ActiveCfg = Debug|x86
		{042D31CF-46F1-4ECA-AEC9-1CCEBFA64CD7}.Debug|x86.Build.0 = Debug|x86
		{042D31CF-46F1-4ECA-AEC9-1CCEBFA64CD7}.Release|ARM64.ActiveCfg = Release|ARM64
		{042D31CF-46F1-4ECA-AEC9-1CCEBFA64CD7}.Release|ARM64.Build.0 = Release|ARM64
		{042D31CF-46F1-4ECA-AEC9-1CCEBFA64CD7}.Release|x64.ActiveCfg = Release|x64
		{042D31CF-46F1-4ECA-AEC9-1CCEBFA64CD7}.Release|x64.Build.0 = Release|x64
		{042D31CF-46F1-4ECA-AEC9-1CCEBFA64CD7}.Release|x86.ActiveCfg = Release|x86
		{042D31CF-46F1-4ECA-AEC9-1CCEBFA64CD7}.Release|x86.Build.0 = Release|x86
		{1A9E2B1D-B923-447B-A62C-721EDA9B0428}.Debug|ARM64.ActiveCfg = Debug|ARM64
		{1A9E2B1D-B923-447B-A62C-721EDA9B0428}.Debug|ARM64.Build.0 = Debug|ARM64
		{1A9E2B1D-B923-447B-A62C-721EDA9B0428}.Debug|x64.ActiveCfg = Debug|x64
		{1A9E2B1D-B923-447B-A62C-721EDA9B0428}.Debug|x64.Build.0 = Debug|x64
		{1A9E2B1D-B923-447B-A62C-721EDA9B0428}.Debug|x86.ActiveCfg = Debug|x86
		{1A9E2B1D-B923-447B-A62C-721EDA9B0428}.Debug|x86.Build.0 = Debug|x86
		{1A9E2B1D-B923-447B-A62C-721EDA9B0428}.Release|ARM64.ActiveCfg = Release|ARM64
		{1A9E2B1D-B923-447B-A62C-721EDA9B0428}.Release|ARM64.Build.0 = Release|ARM64
		{1A9E2B1D-B923-447B-A62C-721EDA9B0428}.Release|x64.ActiveCfg = Release|x64
		{1A9E2B1D-B923-447B-A62C-721EDA9B0428}.Release|x64.Build.0 = Release|x64
		{1A9E2B1D-B923-447B-A62C-721EDA9B0428}.Release|x86.ActiveCfg = Release|x86
		{1A9E2B1D-B923-447B-A62C-721EDA9B0428}.Release|x86.Build.0 = Release|x86
		{2CF2E34E-43BA-46A4-B8D2-976F844CDDCC}.Debug|ARM64.ActiveCfg = Debug|ARM64
		{2CF2E34E-43BA-46A4-B8D2-976F844CDDCC}.Debug|ARM64.Build.0 = Debug|ARM64
		{2CF2E34E-43BA-46A4-B8D2-976F844CDDCC}.Debug|x64.ActiveCfg = Debug|x64
		{2CF2E34E-43BA-46A4-B8D2-976F844CDDCC}.Debug|x64.Build.0 = Debug|x64
		{2CF2E34E-43BA-46A4-B8D2-976F844CDDCC}.Debug|x86.ActiveCfg = Debug|x86
		{2CF2E34E-43BA-46A4-B8D2-976F844CDDCC}.Debug|x86.Build.0 = Debug|x86
		{2CF2E34E-43BA-46A4-B8D2-976F844CDDCC}.Release|ARM64.ActiveCfg = Release|ARM64
		{2CF2E34E-43BA-46A4-B8D2-976F844CDDCC}.Release|ARM64.Build.0 = Release|ARM64
		{2CF2E34E-43BA-46A4-B8D2-976F844CDDCC}.Release|x64.ActiveCfg = Release|x64
		{2CF2E34E-43BA-46A4-B8D2-976F844CDDCC}.Release|x64.Build.0 = Release|x64
		{2CF2E34E-43BA-46A4-B8D2-976F844CDDCC}.Release|x86.ActiveCfg = Release|x86
		{2CF2E34E-43BA-46A4-B8D2-976F844CDDCC}.Release|x86.Build.0 = Release|x86
		{B6E94F33-0061-4734-A414-B27A92926C44}.Debug|ARM64.ActiveCfg = Debug|x64
		{B6E94F33-0061-4734-A414-B27A92926C44}.Debug|ARM64.Build.0 = Debug|x64
		{B6E94F33-0061-4734-A414-B27A92926C44}.Debug|x64.ActiveCfg = Debug|x64
		{B6E94F33-0061-4734-A414-B27A92926C44}.Debug|x64.Build.0 = Debug|x64
		{B6E94F33-0061-4734-A414-B27A92926C44}.Debug|x86.ActiveCfg = Debug|Win32
		{B6E94F33-0061-4734-A414-B27A92926C44}.Debug|x86.Build.0 = Debug|Win32
		{B6E94F33-0061-4734-A414-B27A92926C44}.Release|ARM64.ActiveCfg = Release|x64
		{B6E94F33-0061-4734-A414-B27A92926C44}.Release|ARM64.Build.0 = Release|x64
		{B6E94F33-0061-4734-A414-B27A92926C44}.Release|x64.ActiveCfg = Release|x64
		{B6E94F33-0061-4734-A414-B27A92926C44}.Release|x64.Build.0 = Release|x64
		{B6E94F33-0061-4734-A414-B27A92926C44}.Release|x86.ActiveCfg = Release|Win32
		{B6E94F33-0061-4734-A414-B27A92926C44}.Release|x86.Build.0 = Release|Win32
	EndGlobalSection
	GlobalSection(SolutionProperties) = preSolution
		HideSolutionNode = FALSE
	EndGlobalSection
	GlobalSection(NestedProjects) = preSolution
		{047EED28-7B2B-42D1-B20B-5F3979809EBB} = {84D1735F-69ED-4126-B9C6-523BAC0CB75D}
		{35F552D4-8DCC-42DE-AB44-97F2752C2884} = {F524E4C6-9791-4967-B1C2-E21F6FBD0DD5}
		{B6FD4703-6D88-4F5F-B2D6-A8DA459AFE1E} = {F524E4C6-9791-4967-B1C2-E21F6FBD0DD5}
		{FEFFF25C-BF97-4291-AEA8-6826A1E144CF} = {84D1735F-69ED-4126-B9C6-523BAC0CB75D}
		{1D07B64F-3E96-4A27-9270-BCCD85DC3077} = {84D1735F-69ED-4126-B9C6-523BAC0CB75D}
		{E61A0D0C-ECF3-4BF8-AF17-73193642B248} = {047EED28-7B2B-42D1-B20B-5F3979809EBB}
		{B1740315-DD02-4B7F-8B1A-4E81B95482B1} = {80C0A4A0-852C-47EA-944C-358D8A946F19}
		{57DCEBBE-4890-434E-8F2E-387AE1015720} = {9829B637-0E31-4A8F-9F55-A669290D8E0C}
		{042D31CF-46F1-4ECA-AEC9-1CCEBFA64CD7} = {9829B637-0E31-4A8F-9F55-A669290D8E0C}
		{1A9E2B1D-B923-447B-A62C-721EDA9B0428} = {9829B637-0E31-4A8F-9F55-A669290D8E0C}
		{2CF2E34E-43BA-46A4-B8D2-976F844CDDCC} = {9829B637-0E31-4A8F-9F55-A669290D8E0C}
		{B6E94F33-0061-4734-A414-B27A92926C44} = {84D1735F-69ED-4126-B9C6-523BAC0CB75D}
	EndGlobalSection
	GlobalSection(ExtensibilityGlobals) = postSolution
		SolutionGuid = {CB0A854C-9454-4B24-AE58-B0BEBAB01F19}
	EndGlobalSection
EndGlobal
